
Microsoft Visual Studio Solution File, Format Version 12.00
# Visual Studio Version 17
VisualStudioVersion = 17.1.32210.238
MinimumVisualStudioVersion = 10.0.40219.1
Project("{2150E333-8FDC-42A3-9474-1A3956D46DE8}") = "BLL", "BLL", "{79B337E1-ED47-4175-8869-D621E2447028}"
EndProject
Project("{2150E333-8FDC-42A3-9474-1A3956D46DE8}") = "Common", "Common", "{6D47CE37-6700-4AEF-A128-17D3351538F8}"
EndProject
Project("{2150E333-8FDC-42A3-9474-1A3956D46DE8}") = "DAL", "DAL", "{AF1BB30F-1733-4E73-B4DB-B0E35FC09ECC}"
EndProject
Project("{2150E333-8FDC-42A3-9474-1A3956D46DE8}") = "PL", "PL", "{2658B2A8-6621-4B9A-AA40-6C49871E97F6}"
EndProject
Project("{FAE04EC0-301F-11D3-BF4B-00C04F79EFBC}") = "IconPC.Stock.BLL.Interfaces", "IconPC.Stock.BLL.Interfaces\IconPC.Stock.BLL.Interfaces.csproj", "{DE17A6C3-784C-4C41-B29E-D9A9BDE88A3C}"
	ProjectSection(ProjectDependencies) = postProject
		{3CB49CFC-0B9B-4DE3-9CDB-F0599F8850BE} = {3CB49CFC-0B9B-4DE3-9CDB-F0599F8850BE}
	EndProjectSection
EndProject
Project("{FAE04EC0-301F-11D3-BF4B-00C04F79EFBC}") = "IconPC.Stock.BLL.MyBLL", "IconPC.Stock.BLL.MyBLL\IconPC.Stock.BLL.MyBLL.csproj", "{B2AB92CC-230A-468F-85AB-759B83B42A01}"
	ProjectSection(ProjectDependencies) = postProject
		{3C7E9A0E-C976-410A-A1CA-C9CF1A4256A0} = {3C7E9A0E-C976-410A-A1CA-C9CF1A4256A0}
		{DE17A6C3-784C-4C41-B29E-D9A9BDE88A3C} = {DE17A6C3-784C-4C41-B29E-D9A9BDE88A3C}
		{04CF76F2-1090-4D37-8CC6-67CBDF80C781} = {04CF76F2-1090-4D37-8CC6-67CBDF80C781}
		{3CB49CFC-0B9B-4DE3-9CDB-F0599F8850BE} = {3CB49CFC-0B9B-4DE3-9CDB-F0599F8850BE}
	EndProjectSection
EndProject
Project("{FAE04EC0-301F-11D3-BF4B-00C04F79EFBC}") = "IconPC.Stock.Dependencies", "IconPC.Stock.Dependencies\IconPC.Stock.Dependencies.csproj", "{53A4F7C9-9457-4791-83C8-87EF195F70BB}"
	ProjectSection(ProjectDependencies) = postProject
		{3C7E9A0E-C976-410A-A1CA-C9CF1A4256A0} = {3C7E9A0E-C976-410A-A1CA-C9CF1A4256A0}
		{DE17A6C3-784C-4C41-B29E-D9A9BDE88A3C} = {DE17A6C3-784C-4C41-B29E-D9A9BDE88A3C}
		{B2AB92CC-230A-468F-85AB-759B83B42A01} = {B2AB92CC-230A-468F-85AB-759B83B42A01}
		{04CF76F2-1090-4D37-8CC6-67CBDF80C781} = {04CF76F2-1090-4D37-8CC6-67CBDF80C781}
	EndProjectSection
EndProject
Project("{FAE04EC0-301F-11D3-BF4B-00C04F79EFBC}") = "IconPC.Stock.Entities", "IconPC.Stock.Entities\IconPC.Stock.Entities.csproj", "{3CB49CFC-0B9B-4DE3-9CDB-F0599F8850BE}"
EndProject
Project("{FAE04EC0-301F-11D3-BF4B-00C04F79EFBC}") = "IconPC.Stock.DAL.Interfaces", "IconPC.Stock.DAL.Interfaces\IconPC.Stock.DAL.Interfaces.csproj", "{3C7E9A0E-C976-410A-A1CA-C9CF1A4256A0}"
	ProjectSection(ProjectDependencies) = postProject
		{3CB49CFC-0B9B-4DE3-9CDB-F0599F8850BE} = {3CB49CFC-0B9B-4DE3-9CDB-F0599F8850BE}
	EndProjectSection
EndProject
Project("{FAE04EC0-301F-11D3-BF4B-00C04F79EFBC}") = "IconPC.Stock.SQLDAL", "IconPC.Stock.SQLDAL\IconPC.Stock.SQLDAL.csproj", "{04CF76F2-1090-4D37-8CC6-67CBDF80C781}"
	ProjectSection(ProjectDependencies) = postProject
		{3C7E9A0E-C976-410A-A1CA-C9CF1A4256A0} = {3C7E9A0E-C976-410A-A1CA-C9CF1A4256A0}
		{3CB49CFC-0B9B-4DE3-9CDB-F0599F8850BE} = {3CB49CFC-0B9B-4DE3-9CDB-F0599F8850BE}
	EndProjectSection
EndProject
Project("{FAE04EC0-301F-11D3-BF4B-00C04F79EFBC}") = "IconPC.Stock.ASPPL", "IconPC.Stock.ASPPL\IconPC.Stock.ASPPL.csproj", "{EF0D3737-80CF-4E35-9D16-CC1F738F7931}"
EndProject
Global
	GlobalSection(SolutionConfigurationPlatforms) = preSolution
		Debug|Any CPU = Debug|Any CPU
		Release|Any CPU = Release|Any CPU
	EndGlobalSection
	GlobalSection(ProjectConfigurationPlatforms) = postSolution
		{DE17A6C3-784C-4C41-B29E-D9A9BDE88A3C}.Debug|Any CPU.ActiveCfg = Debug|Any CPU
		{DE17A6C3-784C-4C41-B29E-D9A9BDE88A3C}.Debug|Any CPU.Build.0 = Debug|Any CPU
		{DE17A6C3-784C-4C41-B29E-D9A9BDE88A3C}.Release|Any CPU.ActiveCfg = Release|Any CPU
		{DE17A6C3-784C-4C41-B29E-D9A9BDE88A3C}.Release|Any CPU.Build.0 = Release|Any CPU
		{B2AB92CC-230A-468F-85AB-759B83B42A01}.Debug|Any CPU.ActiveCfg = Debug|Any CPU
		{B2AB92CC-230A-468F-85AB-759B83B42A01}.Debug|Any CPU.Build.0 = Debug|Any CPU
		{B2AB92CC-230A-468F-85AB-759B83B42A01}.Release|Any CPU.ActiveCfg = Release|Any CPU
		{B2AB92CC-230A-468F-85AB-759B83B42A01}.Release|Any CPU.Build.0 = Release|Any CPU
		{53A4F7C9-9457-4791-83C8-87EF195F70BB}.Debug|Any CPU.ActiveCfg = Debug|Any CPU
		{53A4F7C9-9457-4791-83C8-87EF195F70BB}.Debug|Any CPU.Build.0 = Debug|Any CPU
		{53A4F7C9-9457-4791-83C8-87EF195F70BB}.Release|Any CPU.ActiveCfg = Release|Any CPU
		{53A4F7C9-9457-4791-83C8-87EF195F70BB}.Release|Any CPU.Build.0 = Release|Any CPU
		{3CB49CFC-0B9B-4DE3-9CDB-F0599F8850BE}.Debug|Any CPU.ActiveCfg = Debug|Any CPU
		{3CB49CFC-0B9B-4DE3-9CDB-F0599F8850BE}.Debug|Any CPU.Build.0 = Debug|Any CPU
		{3CB49CFC-0B9B-4DE3-9CDB-F0599F8850BE}.Release|Any CPU.ActiveCfg = Release|Any CPU
		{3CB49CFC-0B9B-4DE3-9CDB-F0599F8850BE}.Release|Any CPU.Build.0 = Release|Any CPU
		{3C7E9A0E-C976-410A-A1CA-C9CF1A4256A0}.Debug|Any CPU.ActiveCfg = Debug|Any CPU
		{3C7E9A0E-C976-410A-A1CA-C9CF1A4256A0}.Debug|Any CPU.Build.0 = Debug|Any CPU
		{3C7E9A0E-C976-410A-A1CA-C9CF1A4256A0}.Release|Any CPU.ActiveCfg = Release|Any CPU
		{3C7E9A0E-C976-410A-A1CA-C9CF1A4256A0}.Release|Any CPU.Build.0 = Release|Any CPU
		{04CF76F2-1090-4D37-8CC6-67CBDF80C781}.Debug|Any CPU.ActiveCfg = Debug|Any CPU
		{04CF76F2-1090-4D37-8CC6-67CBDF80C781}.Debug|Any CPU.Build.0 = Debug|Any CPU
		{04CF76F2-1090-4D37-8CC6-67CBDF80C781}.Release|Any CPU.ActiveCfg = Release|Any CPU
		{04CF76F2-1090-4D37-8CC6-67CBDF80C781}.Release|Any CPU.Build.0 = Release|Any CPU
		{EF0D3737-80CF-4E35-9D16-CC1F738F7931}.Debug|Any CPU.ActiveCfg = Debug|Any CPU
		{EF0D3737-80CF-4E35-9D16-CC1F738F7931}.Debug|Any CPU.Build.0 = Debug|Any CPU
		{EF0D3737-80CF-4E35-9D16-CC1F738F7931}.Release|Any CPU.ActiveCfg = Release|Any CPU
		{EF0D3737-80CF-4E35-9D16-CC1F738F7931}.Release|Any CPU.Build.0 = Release|Any CPU
	EndGlobalSection
	GlobalSection(SolutionProperties) = preSolution
		HideSolutionNode = FALSE
	EndGlobalSection
	GlobalSection(NestedProjects) = preSolution
		{DE17A6C3-784C-4C41-B29E-D9A9BDE88A3C} = {79B337E1-ED47-4175-8869-D621E2447028}
		{B2AB92CC-230A-468F-85AB-759B83B42A01} = {79B337E1-ED47-4175-8869-D621E2447028}
		{53A4F7C9-9457-4791-83C8-87EF195F70BB} = {6D47CE37-6700-4AEF-A128-17D3351538F8}
		{3CB49CFC-0B9B-4DE3-9CDB-F0599F8850BE} = {6D47CE37-6700-4AEF-A128-17D3351538F8}
		{3C7E9A0E-C976-410A-A1CA-C9CF1A4256A0} = {AF1BB30F-1733-4E73-B4DB-B0E35FC09ECC}
		{04CF76F2-1090-4D37-8CC6-67CBDF80C781} = {AF1BB30F-1733-4E73-B4DB-B0E35FC09ECC}
		{EF0D3737-80CF-4E35-9D16-CC1F738F7931} = {2658B2A8-6621-4B9A-AA40-6C49871E97F6}
	EndGlobalSection
	GlobalSection(ExtensibilityGlobals) = postSolution
		SolutionGuid = {88BEFF06-6AA4-40C1-A445-12AEB986C358}
	EndGlobalSection
EndGlobal
